
Microsoft Visual Studio Solution File, Format Version 12.00
# Visual Studio Version 17
VisualStudioVersion = 17.8.34511.84
MinimumVisualStudioVersion = 10.0.40219.1
Project("{FAE04EC0-301F-11D3-BF4B-00C04F79EFBC}") = "CancellationTokenInApiDotnetCore", "CancellationTokenInApiDotnetCore\CancellationTokenInApiDotnetCore.csproj", "{C09B2FB4-3D3D-4817-A45C-81ECAD8AF697}"
EndProject
Global
	GlobalSection(SolutionConfigurationPlatforms) = preSolution
		Debug|Any CPU = Debug|Any CPU
		Release|Any CPU = Release|Any CPU
	EndGlobalSection
	GlobalSection(ProjectConfigurationPlatforms) = postSolution
		{C09B2FB4-3D3D-4817-A45C-81ECAD8AF697}.Debug|Any CPU.ActiveCfg = Debug|Any CPU
		{C09B2FB4-3D3D-4817-A45C-81ECAD8AF697}.Debug|Any CPU.Build.0 = Debug|Any CPU
		{C09B2FB4-3D3D-4817-A45C-81ECAD8AF697}.Release|Any CPU.ActiveCfg = Release|Any CPU
		{C09B2FB4-3D3D-4817-A45C-81ECAD8AF697}.Release|Any CPU.Build.0 = Release|Any CPU
	EndGlobalSection
	GlobalSection(SolutionProperties) = preSolution
		HideSolutionNode = FALSE
	EndGlobalSection
	GlobalSection(ExtensibilityGlobals) = postSolution
		SolutionGuid = {048F8764-71CD-48FA-833E-3A68BBF1F4D1}
	EndGlobalSection
EndGlobal
